<Solution>
  <Folder Name="/.github/">
    <File Path=".github/renovate.json" />
  </Folder>
  <Folder Name="/.github/workflows/">
    <File Path=".github/workflows/build-and-test.yml" />
  </Folder>
  <Folder Name="/src/">
    <Project Path="src/Soenneker.Libraries.NuGet.csproj" />
  </Folder>
  <Folder Name="/test/">
    <Project Path="test/Soenneker.Libraries.NuGet.Tests/Soenneker.Libraries.NuGet.Tests.csproj" />
  </Folder>
</Solution>
